
Microsoft Visual Studio Solution File, Format Version 12.00
# Visual Studio Version 16
VisualStudioVersion = 16.0.30523.141
MinimumVisualStudioVersion = 10.0.40219.1
Project("{FAE04EC0-301F-11D3-BF4B-00C04F79EFBC}") = "WorkerService1", "WorkerService1\WorkerService1.csproj", "{AC8AF54F-3F80-4A6C-AF37-D8ED2C43ABB3}"
EndProject
Global
	GlobalSection(SolutionConfigurationPlatforms) = preSolution
		Debug|Any CPU = Debug|Any CPU
		Release|Any CPU = Release|Any CPU
	EndGlobalSection
	GlobalSection(ProjectConfigurationPlatforms) = postSolution
		{AC8AF54F-3F80-4A6C-AF37-D8ED2C43ABB3}.Debug|Any CPU.ActiveCfg = Debug|Any CPU
		{AC8AF54F-3F80-4A6C-AF37-D8ED2C43ABB3}.Debug|Any CPU.Build.0 = Debug|Any CPU
		{AC8AF54F-3F80-4A6C-AF37-D8ED2C43ABB3}.Release|Any CPU.ActiveCfg = Release|Any CPU
		{AC8AF54F-3F80-4A6C-AF37-D8ED2C43ABB3}.Release|Any CPU.Build.0 = Release|Any CPU
	EndGlobalSection
	GlobalSection(SolutionProperties) = preSolution
		HideSolutionNode = FALSE
	EndGlobalSection
	GlobalSection(ExtensibilityGlobals) = postSolution
		SolutionGuid = {8BF05D40-5CE6-474F-AD4E-A5F3CD559C07}
	EndGlobalSection
EndGlobal
